
Microsoft Visual Studio Solution File, Format Version 11.00
# Visual Studio 2010
Project("{FAE04EC0-301F-11D3-BF4B-00C04F79EFBC}") = "Zadatak 1", "Zadatak 1\Zadatak 1.csproj", "{B9861149-B34F-4E69-8CB2-BE2E183DF25E}"
EndProject
Global
	GlobalSection(SolutionConfigurationPlatforms) = preSolution
		Debug|x86 = Debug|x86
		Release|x86 = Release|x86
	EndGlobalSection
	GlobalSection(ProjectConfigurationPlatforms) = postSolution
		{B9861149-B34F-4E69-8CB2-BE2E183DF25E}.Debug|x86.ActiveCfg = Debug|x86
		{B9861149-B34F-4E69-8CB2-BE2E183DF25E}.Debug|x86.Build.0 = Debug|x86
		{B9861149-B34F-4E69-8CB2-BE2E183DF25E}.Release|x86.ActiveCfg = Release|x86
		{B9861149-B34F-4E69-8CB2-BE2E183DF25E}.Release|x86.Build.0 = Release|x86
	EndGlobalSection
	GlobalSection(SolutionProperties) = preSolution
		HideSolutionNode = FALSE
	EndGlobalSection
EndGlobal
